
Microsoft Visual Studio Solution File, Format Version 12.00
# Visual Studio Version 17
VisualStudioVersion = 17.1.32328.378
MinimumVisualStudioVersion = 10.0.40219.1
Project("{FAE04EC0-301F-11D3-BF4B-00C04F79EFBC}") = "TableConnector", "TableConnector\TableConnector.csproj", "{1A446CE8-8315-48D4-8AC0-C915CF24935B}"
EndProject
Global
	GlobalSection(SolutionConfigurationPlatforms) = preSolution
		Debug|Any CPU = Debug|Any CPU
		Release|Any CPU = Release|Any CPU
	EndGlobalSection
	GlobalSection(ProjectConfigurationPlatforms) = postSolution
		{1A446CE8-8315-48D4-8AC0-C915CF24935B}.Debug|Any CPU.ActiveCfg = Debug|Any CPU
		{1A446CE8-8315-48D4-8AC0-C915CF24935B}.Debug|Any CPU.Build.0 = Debug|Any CPU
		{1A446CE8-8315-48D4-8AC0-C915CF24935B}.Release|Any CPU.ActiveCfg = Release|Any CPU
		{1A446CE8-8315-48D4-8AC0-C915CF24935B}.Release|Any CPU.Build.0 = Release|Any CPU
	EndGlobalSection
	GlobalSection(SolutionProperties) = preSolution
		HideSolutionNode = FALSE
	EndGlobalSection
	GlobalSection(ExtensibilityGlobals) = postSolution
		SolutionGuid = {963D9F7E-510E-49DD-B693-9E4CBE19D9E8}
	EndGlobalSection
EndGlobal
